
Microsoft Visual Studio Solution File, Format Version 12.00
# Visual Studio Version 16
VisualStudioVersion = 16.0.30104.148
MinimumVisualStudioVersion = 10.0.40219.1
Project("{9A19103F-16F7-4668-BE54-9A1E7A4F7556}") = "ECommerce.Api.Customers", "ECommerce.Api.Customers\ECommerce.Api.Customers.csproj", "{8DA707A0-D28B-463B-AC7B-AB7B6EE07DEE}"
EndProject
Project("{9A19103F-16F7-4668-BE54-9A1E7A4F7556}") = "ECommerce.Api.Products", "ECommerce.Api.Products\ECommerce.Api.Products.csproj", "{23BE1116-E0A6-47BB-9D57-7C218551CD44}"
EndProject
Project("{9A19103F-16F7-4668-BE54-9A1E7A4F7556}") = "ECommerce.Api.Orders", "ECommerce.Api.Orders\ECommerce.Api.Orders.csproj", "{E5292EEB-ECCB-4FB7-84C0-DB1610DA212A}"
EndProject
Project("{9A19103F-16F7-4668-BE54-9A1E7A4F7556}") = "ECommerce.Api.Search", "ECommerce.Api.Search\ECommerce.Api.Search.csproj", "{C341A6A9-0C90-4E6F-B5D3-0A320CDC1447}"
EndProject
Project("{FAE04EC0-301F-11D3-BF4B-00C04F79EFBC}") = "Ecommerce.Api.Products.Tests", "Ecommerce.Api.Products.Tests\Ecommerce.Api.Products.Tests.csproj", "{9E72F978-F7E2-430D-BD9A-C9581C687F53}"
EndProject
Global
	GlobalSection(SolutionConfigurationPlatforms) = preSolution
		Debug|Any CPU = Debug|Any CPU
		Release|Any CPU = Release|Any CPU
	EndGlobalSection
	GlobalSection(ProjectConfigurationPlatforms) = postSolution
		{8DA707A0-D28B-463B-AC7B-AB7B6EE07DEE}.Debug|Any CPU.ActiveCfg = Debug|Any CPU
		{8DA707A0-D28B-463B-AC7B-AB7B6EE07DEE}.Debug|Any CPU.Build.0 = Debug|Any CPU
		{8DA707A0-D28B-463B-AC7B-AB7B6EE07DEE}.Release|Any CPU.ActiveCfg = Release|Any CPU
		{8DA707A0-D28B-463B-AC7B-AB7B6EE07DEE}.Release|Any CPU.Build.0 = Release|Any CPU
		{23BE1116-E0A6-47BB-9D57-7C218551CD44}.Debug|Any CPU.ActiveCfg = Debug|Any CPU
		{23BE1116-E0A6-47BB-9D57-7C218551CD44}.Debug|Any CPU.Build.0 = Debug|Any CPU
		{23BE1116-E0A6-47BB-9D57-7C218551CD44}.Release|Any CPU.ActiveCfg = Release|Any CPU
		{23BE1116-E0A6-47BB-9D57-7C218551CD44}.Release|Any CPU.Build.0 = Release|Any CPU
		{E5292EEB-ECCB-4FB7-84C0-DB1610DA212A}.Debug|Any CPU.ActiveCfg = Debug|Any CPU
		{E5292EEB-ECCB-4FB7-84C0-DB1610DA212A}.Debug|Any CPU.Build.0 = Debug|Any CPU
		{E5292EEB-ECCB-4FB7-84C0-DB1610DA212A}.Release|Any CPU.ActiveCfg = Release|Any CPU
		{E5292EEB-ECCB-4FB7-84C0-DB1610DA212A}.Release|Any CPU.Build.0 = Release|Any CPU
		{C341A6A9-0C90-4E6F-B5D3-0A320CDC1447}.Debug|Any CPU.ActiveCfg = Debug|Any CPU
		{C341A6A9-0C90-4E6F-B5D3-0A320CDC1447}.Debug|Any CPU.Build.0 = Debug|Any CPU
		{C341A6A9-0C90-4E6F-B5D3-0A320CDC1447}.Release|Any CPU.ActiveCfg = Release|Any CPU
		{C341A6A9-0C90-4E6F-B5D3-0A320CDC1447}.Release|Any CPU.Build.0 = Release|Any CPU
		{9E72F978-F7E2-430D-BD9A-C9581C687F53}.Debug|Any CPU.ActiveCfg = Debug|Any CPU
		{9E72F978-F7E2-430D-BD9A-C9581C687F53}.Debug|Any CPU.Build.0 = Debug|Any CPU
		{9E72F978-F7E2-430D-BD9A-C9581C687F53}.Release|Any CPU.ActiveCfg = Release|Any CPU
		{9E72F978-F7E2-430D-BD9A-C9581C687F53}.Release|Any CPU.Build.0 = Release|Any CPU
	EndGlobalSection
	GlobalSection(SolutionProperties) = preSolution
		HideSolutionNode = FALSE
	EndGlobalSection
	GlobalSection(ExtensibilityGlobals) = postSolution
		SolutionGuid = {61A0568C-D37C-42A6-B8F9-B667126E6733}
	EndGlobalSection
EndGlobal
